// !$*UTF8*$!
{
	archiveVersion = 1;
	classes = {
	};
	objectVersion = 50;
	objects = {

/* Begin PBXBuildFile section */
		347E45A226DC1327006EE205 /* LululemonChallengeTests.swift in Sources */ = {isa = PBXBuildFile; fileRef = 347E45A126DC1327006EE205 /* LululemonChallengeTests.swift */; };
		349B9D7C26DAEF5B00228E13 /* AppDelegate.swift in Sources */ = {isa = PBXBuildFile; fileRef = 349B9D7B26DAEF5B00228E13 /* AppDelegate.swift */; };
		349B9D7E26DAEF5B00228E13 /* SceneDelegate.swift in Sources */ = {isa = PBXBuildFile; fileRef = 349B9D7D26DAEF5B00228E13 /* SceneDelegate.swift */; };
		349B9D8326DAEF5B00228E13 /* Main.storyboard in Resources */ = {isa = PBXBuildFile; fileRef = 349B9D8126DAEF5B00228E13 /* Main.storyboard */; };
		349B9D8526DAEF5C00228E13 /* Assets.xcassets in Resources */ = {isa = PBXBuildFile; fileRef = 349B9D8426DAEF5C00228E13 /* Assets.xcassets */; };
		349B9D8826DAEF5C00228E13 /* LaunchScreen.storyboard in Resources */ = {isa = PBXBuildFile; fileRef = 349B9D8626DAEF5C00228E13 /* LaunchScreen.storyboard */; };
		349B9D9626DAEFC500228E13 /* JDGarmentViewModel.swift in Sources */ = {isa = PBXBuildFile; fileRef = 349B9D9526DAEFC500228E13 /* JDGarmentViewModel.swift */; };
		349B9D9826DAEFD800228E13 /* JDGarment.swift in Sources */ = {isa = PBXBuildFile; fileRef = 349B9D9726DAEFD800228E13 /* JDGarment.swift */; };
		349B9D9A26DAEFEC00228E13 /* JDGarmentListVC.swift in Sources */ = {isa = PBXBuildFile; fileRef = 349B9D9926DAEFEC00228E13 /* JDGarmentListVC.swift */; };
		349B9D9C26DAF00300228E13 /* JDGarmentAddVC.swift in Sources */ = {isa = PBXBuildFile; fileRef = 349B9D9B26DAF00300228E13 /* JDGarmentAddVC.swift */; };
		349B9DA026DAF02300228E13 /* JDLabel.swift in Sources */ = {isa = PBXBuildFile; fileRef = 349B9D9F26DAF02300228E13 /* JDLabel.swift */; };
		349B9DA226DAF03500228E13 /* JDTextField.swift in Sources */ = {isa = PBXBuildFile; fileRef = 349B9DA126DAF03500228E13 /* JDTextField.swift */; };
		349B9DA426DAF04900228E13 /* JDTableViewCell.swift in Sources */ = {isa = PBXBuildFile; fileRef = 349B9DA326DAF04900228E13 /* JDTableViewCell.swift */; };
		349B9DA726DAF05B00228E13 /* ReuseIdentifiers.swift in Sources */ = {isa = PBXBuildFile; fileRef = 349B9DA626DAF05B00228E13 /* ReuseIdentifiers.swift */; };
		349B9DA926DAF06100228E13 /* UIView+Ext.swift in Sources */ = {isa = PBXBuildFile; fileRef = 349B9DA826DAF06100228E13 /* UIView+Ext.swift */; };
		349B9DAB26DAF06C00228E13 /* NSLayoutConstraint+Ext.swift in Sources */ = {isa = PBXBuildFile; fileRef = 349B9DAA26DAF06C00228E13 /* NSLayoutConstraint+Ext.swift */; };
		349B9DAD26DAF07100228E13 /* Date+Ext.swift in Sources */ = {isa = PBXBuildFile; fileRef = 349B9DAC26DAF07100228E13 /* Date+Ext.swift */; };
		349B9DB026DAF0A100228E13 /* PersistenceManager.swift in Sources */ = {isa = PBXBuildFile; fileRef = 349B9DAF26DAF0A100228E13 /* PersistenceManager.swift */; };
/* End PBXBuildFile section */

/* Begin PBXContainerItemProxy section */
		347E45A426DC1327006EE205 /* PBXContainerItemProxy */ = {
			isa = PBXContainerItemProxy;
			containerPortal = 349B9D7026DAEF5B00228E13 /* Project object */;
			proxyType = 1;
			remoteGlobalIDString = 349B9D7726DAEF5B00228E13;
			remoteInfo = LululemonChallenge;
		};
/* End PBXContainerItemProxy section */

/* Begin PBXFileReference section */
		347E459F26DC1327006EE205 /* LululemonChallengeTests.xctest */ = {isa = PBXFileReference; explicitFileType = wrapper.cfbundle; includeInIndex = 0; path = LululemonChallengeTests.xctest; sourceTree = BUILT_PRODUCTS_DIR; };
		347E45A126DC1327006EE205 /* LululemonChallengeTests.swift */ = {isa = PBXFileReference; lastKnownFileType = sourcecode.swift; path = LululemonChallengeTests.swift; sourceTree = "<group>"; };
		347E45A326DC1327006EE205 /* Info.plist */ = {isa = PBXFileReference; lastKnownFileType = text.plist.xml; path = Info.plist; sourceTree = "<group>"; };
		349B9D7826DAEF5B00228E13 /* LululemonChallenge.app */ = {isa = PBXFileReference; explicitFileType = wrapper.application; includeInIndex = 0; path = LululemonChallenge.app; sourceTree = BUILT_PRODUCTS_DIR; };
		349B9D7B26DAEF5B00228E13 /* AppDelegate.swift */ = {isa = PBXFileReference; lastKnownFileType = sourcecode.swift; path = AppDelegate.swift; sourceTree = "<group>"; };
		349B9D7D26DAEF5B00228E13 /* SceneDelegate.swift */ = {isa = PBXFileReference; lastKnownFileType = sourcecode.swift; path = SceneDelegate.swift; sourceTree = "<group>"; };
		349B9D8226DAEF5B00228E13 /* Base */ = {isa = PBXFileReference; lastKnownFileType = file.storyboard; name = Base; path = Base.lproj/Main.storyboard; sourceTree = "<group>"; };
		349B9D8426DAEF5C00228E13 /* Assets.xcassets */ = {isa = PBXFileReference; lastKnownFileType = folder.assetcatalog; path = Assets.xcassets; sourceTree = "<group>"; };
		349B9D8726DAEF5C00228E13 /* Base */ = {isa = PBXFileReference; lastKnownFileType = file.storyboard; name = Base; path = Base.lproj/LaunchScreen.storyboard; sourceTree = "<group>"; };
		349B9D8926DAEF5C00228E13 /* Info.plist */ = {isa = PBXFileReference; lastKnownFileType = text.plist.xml; path = Info.plist; sourceTree = "<group>"; };
		349B9D9526DAEFC500228E13 /* JDGarmentViewModel.swift */ = {isa = PBXFileReference; lastKnownFileType = sourcecode.swift; path = JDGarmentViewModel.swift; sourceTree = "<group>"; };
		349B9D9726DAEFD800228E13 /* JDGarment.swift */ = {isa = PBXFileReference; lastKnownFileType = sourcecode.swift; path = JDGarment.swift; sourceTree = "<group>"; };
		349B9D9926DAEFEC00228E13 /* JDGarmentListVC.swift */ = {isa = PBXFileReference; lastKnownFileType = sourcecode.swift; path = JDGarmentListVC.swift; sourceTree = "<group>"; };
		349B9D9B26DAF00300228E13 /* JDGarmentAddVC.swift */ = {isa = PBXFileReference; lastKnownFileType = sourcecode.swift; path = JDGarmentAddVC.swift; sourceTree = "<group>"; };
		349B9D9F26DAF02300228E13 /* JDLabel.swift */ = {isa = PBXFileReference; lastKnownFileType = sourcecode.swift; path = JDLabel.swift; sourceTree = "<group>"; };
		349B9DA126DAF03500228E13 /* JDTextField.swift */ = {isa = PBXFileReference; lastKnownFileType = sourcecode.swift; path = JDTextField.swift; sourceTree = "<group>"; };
		349B9DA326DAF04900228E13 /* JDTableViewCell.swift */ = {isa = PBXFileReference; lastKnownFileType = sourcecode.swift; path = JDTableViewCell.swift; sourceTree = "<group>"; };
		349B9DA626DAF05B00228E13 /* ReuseIdentifiers.swift */ = {isa = PBXFileReference; lastKnownFileType = sourcecode.swift; path = ReuseIdentifiers.swift; sourceTree = "<group>"; };
		349B9DA826DAF06100228E13 /* UIView+Ext.swift */ = {isa = PBXFileReference; lastKnownFileType = sourcecode.swift; path = "UIView+Ext.swift"; sourceTree = "<group>"; };
		349B9DAA26DAF06C00228E13 /* NSLayoutConstraint+Ext.swift */ = {isa = PBXFileReference; lastKnownFileType = sourcecode.swift; path = "NSLayoutConstraint+Ext.swift"; sourceTree = "<group>"; };
		349B9DAC26DAF07100228E13 /* Date+Ext.swift */ = {isa = PBXFileReference; lastKnownFileType = sourcecode.swift; path = "Date+Ext.swift"; sourceTree = "<group>"; };
		349B9DAF26DAF0A100228E13 /* PersistenceManager.swift */ = {isa = PBXFileReference; lastKnownFileType = sourcecode.swift; path = PersistenceManager.swift; sourceTree = "<group>"; };
/* End PBXFileReference section */

/* Begin PBXFrameworksBuildPhase section */
		347E459C26DC1327006EE205 /* Frameworks */ = {
			isa = PBXFrameworksBuildPhase;
			buildActionMask = 2147483647;
			files = (
			);
			runOnlyForDeploymentPostprocessing = 0;
		};
		349B9D7526DAEF5B00228E13 /* Frameworks */ = {
			isa = PBXFrameworksBuildPhase;
			buildActionMask = 2147483647;
			files = (
			);
			runOnlyForDeploymentPostprocessing = 0;
		};
/* End PBXFrameworksBuildPhase section */

/* Begin PBXGroup section */
		347E45A026DC1327006EE205 /* LululemonChallengeTests */ = {
			isa = PBXGroup;
			children = (
				347E45A126DC1327006EE205 /* LululemonChallengeTests.swift */,
				347E45A326DC1327006EE205 /* Info.plist */,
			);
			path = LululemonChallengeTests;
			sourceTree = "<group>";
		};
		349B9D6F26DAEF5B00228E13 = {
			isa = PBXGroup;
			children = (
				349B9D7A26DAEF5B00228E13 /* LululemonChallenge */,
				347E45A026DC1327006EE205 /* LululemonChallengeTests */,
				349B9D7926DAEF5B00228E13 /* Products */,
			);
			sourceTree = "<group>";
		};
		349B9D7926DAEF5B00228E13 /* Products */ = {
			isa = PBXGroup;
			children = (
				349B9D7826DAEF5B00228E13 /* LululemonChallenge.app */,
				347E459F26DC1327006EE205 /* LululemonChallengeTests.xctest */,
			);
			name = Products;
			sourceTree = "<group>";
		};
		349B9D7A26DAEF5B00228E13 /* LululemonChallenge */ = {
			isa = PBXGroup;
			children = (
				349B9DAE26DAF09300228E13 /* Managers */,
				349B9DA526DAF05400228E13 /* Helpers */,
				349B9D9226DAEFA500228E13 /* Views */,
				349B9D9126DAEF9E00228E13 /* Model */,
				349B9D9026DAEF9700228E13 /* ViewModels */,
				349B9D8F26DAEF8100228E13 /* Support */,
				349B9D8926DAEF5C00228E13 /* Info.plist */,
			);
			path = LululemonChallenge;
			sourceTree = "<group>";
		};
		349B9D8F26DAEF8100228E13 /* Support */ = {
			isa = PBXGroup;
			children = (
				349B9D7B26DAEF5B00228E13 /* AppDelegate.swift */,
				349B9D7D26DAEF5B00228E13 /* SceneDelegate.swift */,
				349B9D8126DAEF5B00228E13 /* Main.storyboard */,
				349B9D8426DAEF5C00228E13 /* Assets.xcassets */,
				349B9D8626DAEF5C00228E13 /* LaunchScreen.storyboard */,
			);
			path = Support;
			sourceTree = "<group>";
		};
		349B9D9026DAEF9700228E13 /* ViewModels */ = {
			isa = PBXGroup;
			children = (
				349B9D9526DAEFC500228E13 /* JDGarmentViewModel.swift */,
			);
			path = ViewModels;
			sourceTree = "<group>";
		};
		349B9D9126DAEF9E00228E13 /* Model */ = {
			isa = PBXGroup;
			children = (
				349B9D9726DAEFD800228E13 /* JDGarment.swift */,
			);
			path = Model;
			sourceTree = "<group>";
		};
		349B9D9226DAEFA500228E13 /* Views */ = {
			isa = PBXGroup;
			children = (
				349B9D9E26DAF01600228E13 /* Labels */,
				349B9D9D26DAF01000228E13 /* TextFields */,
				349B9D9426DAEFAF00228E13 /* TableViewCells */,
				349B9D9326DAEFAA00228E13 /* Controllers */,
			);
			path = Views;
			sourceTree = "<group>";
		};
		349B9D9326DAEFAA00228E13 /* Controllers */ = {
			isa = PBXGroup;
			children = (
				349B9D9926DAEFEC00228E13 /* JDGarmentListVC.swift */,
				349B9D9B26DAF00300228E13 /* JDGarmentAddVC.swift */,
			);
			path = Controllers;
			sourceTree = "<group>";
		};
		349B9D9426DAEFAF00228E13 /* TableViewCells */ = {
			isa = PBXGroup;
			children = (
				349B9DA326DAF04900228E13 /* JDTableViewCell.swift */,
			);
			path = TableViewCells;
			sourceTree = "<group>";
		};
		349B9D9D26DAF01000228E13 /* TextFields */ = {
			isa = PBXGroup;
			children = (
				349B9DA126DAF03500228E13 /* JDTextField.swift */,
			);
			path = TextFields;
			sourceTree = "<group>";
		};
		349B9D9E26DAF01600228E13 /* Labels */ = {
			isa = PBXGroup;
			children = (
				349B9D9F26DAF02300228E13 /* JDLabel.swift */,
			);
			path = Labels;
			sourceTree = "<group>";
		};
		349B9DA526DAF05400228E13 /* Helpers */ = {
			isa = PBXGroup;
			children = (
				349B9DA626DAF05B00228E13 /* ReuseIdentifiers.swift */,
				349B9DA826DAF06100228E13 /* UIView+Ext.swift */,
				349B9DAA26DAF06C00228E13 /* NSLayoutConstraint+Ext.swift */,
				349B9DAC26DAF07100228E13 /* Date+Ext.swift */,
			);
			path = Helpers;
			sourceTree = "<group>";
		};
		349B9DAE26DAF09300228E13 /* Managers */ = {
			isa = PBXGroup;
			children = (
				349B9DAF26DAF0A100228E13 /* PersistenceManager.swift */,
			);
			path = Managers;
			sourceTree = "<group>";
		};
/* End PBXGroup section */

/* Begin PBXNativeTarget section */
		347E459E26DC1327006EE205 /* LululemonChallengeTests */ = {
			isa = PBXNativeTarget;
			buildConfigurationList = 347E45A826DC1327006EE205 /* Build configuration list for PBXNativeTarget "LululemonChallengeTests" */;
			buildPhases = (
				347E459B26DC1327006EE205 /* Sources */,
				347E459C26DC1327006EE205 /* Frameworks */,
				347E459D26DC1327006EE205 /* Resources */,
			);
			buildRules = (
			);
			dependencies = (
				347E45A526DC1327006EE205 /* PBXTargetDependency */,
			);
			name = LululemonChallengeTests;
			productName = LululemonChallengeTests;
			productReference = 347E459F26DC1327006EE205 /* LululemonChallengeTests.xctest */;
			productType = "com.apple.product-type.bundle.unit-test";
		};
		349B9D7726DAEF5B00228E13 /* LululemonChallenge */ = {
			isa = PBXNativeTarget;
			buildConfigurationList = 349B9D8C26DAEF5C00228E13 /* Build configuration list for PBXNativeTarget "LululemonChallenge" */;
			buildPhases = (
				349B9D7426DAEF5B00228E13 /* Sources */,
				349B9D7526DAEF5B00228E13 /* Frameworks */,
				349B9D7626DAEF5B00228E13 /* Resources */,
			);
			buildRules = (
			);
			dependencies = (
			);
			name = LululemonChallenge;
			productName = LululemonChallenge;
			productReference = 349B9D7826DAEF5B00228E13 /* LululemonChallenge.app */;
			productType = "com.apple.product-type.application";
		};
/* End PBXNativeTarget section */

/* Begin PBXProject section */
		349B9D7026DAEF5B00228E13 /* Project object */ = {
			isa = PBXProject;
			attributes = {
				LastSwiftUpdateCheck = 1250;
				LastUpgradeCheck = 1250;
				TargetAttributes = {
					347E459E26DC1327006EE205 = {
						CreatedOnToolsVersion = 12.5.1;
						TestTargetID = 349B9D7726DAEF5B00228E13;
					};
					349B9D7726DAEF5B00228E13 = {
						CreatedOnToolsVersion = 12.5.1;
					};
				};
			};
			buildConfigurationList = 349B9D7326DAEF5B00228E13 /* Build configuration list for PBXProject "LululemonChallenge" */;
			compatibilityVersion = "Xcode 9.3";
			developmentRegion = en;
			hasScannedForEncodings = 0;
			knownRegions = (
				en,
				Base,
			);
			mainGroup = 349B9D6F26DAEF5B00228E13;
			productRefGroup = 349B9D7926DAEF5B00228E13 /* Products */;
			projectDirPath = "";
			projectRoot = "";
			targets = (
				349B9D7726DAEF5B00228E13 /* LululemonChallenge */,
				347E459E26DC1327006EE205 /* LululemonChallengeTests */,
			);
		};
/* End PBXProject section */

/* Begin PBXResourcesBuildPhase section */
		347E459D26DC1327006EE205 /* Resources */ = {
			isa = PBXResourcesBuildPhase;
			buildActionMask = 2147483647;
			files = (
			);
			runOnlyForDeploymentPostprocessing = 0;
		};
		349B9D7626DAEF5B00228E13 /* Resources */ = {
			isa = PBXResourcesBuildPhase;
			buildActionMask = 2147483647;
			files = (
				349B9D8826DAEF5C00228E13 /* LaunchScreen.storyboard in Resources */,
				349B9D8526DAEF5C00228E13 /* Assets.xcassets in Resources */,
				349B9D8326DAEF5B00228E13 /* Main.storyboard in Resources */,
			);
			runOnlyForDeploymentPostprocessing = 0;
		};
/* End PBXResourcesBuildPhase section */

/* Begin PBXSourcesBuildPhase section */
		347E459B26DC1327006EE205 /* Sources */ = {
			isa = PBXSourcesBuildPhase;
			buildActionMask = 2147483647;
			files = (
				347E45A226DC1327006EE205 /* LululemonChallengeTests.swift in Sources */,
			);
			runOnlyForDeploymentPostprocessing = 0;
		};
		349B9D7426DAEF5B00228E13 /* Sources */ = {
			isa = PBXSourcesBuildPhase;
			buildActionMask = 2147483647;
			files = (
				349B9DA426DAF04900228E13 /* JDTableViewCell.swift in Sources */,
				349B9D7C26DAEF5B00228E13 /* AppDelegate.swift in Sources */,
				349B9D7E26DAEF5B00228E13 /* SceneDelegate.swift in Sources */,
				349B9D9C26DAF00300228E13 /* JDGarmentAddVC.swift in Sources */,
				349B9DAD26DAF07100228E13 /* Date+Ext.swift in Sources */,
				349B9DB026DAF0A100228E13 /* PersistenceManager.swift in Sources */,
				349B9D9826DAEFD800228E13 /* JDGarment.swift in Sources */,
				349B9D9626DAEFC500228E13 /* JDGarmentViewModel.swift in Sources */,
				349B9DA026DAF02300228E13 /* JDLabel.swift in Sources */,
				349B9DA926DAF06100228E13 /* UIView+Ext.swift in Sources */,
				349B9DA226DAF03500228E13 /* JDTextField.swift in Sources */,
				349B9DA726DAF05B00228E13 /* ReuseIdentifiers.swift in Sources */,
				349B9DAB26DAF06C00228E13 /* NSLayoutConstraint+Ext.swift in Sources */,
				349B9D9A26DAEFEC00228E13 /* JDGarmentListVC.swift in Sources */,
			);
			runOnlyForDeploymentPostprocessing = 0;
		};
/* End PBXSourcesBuildPhase section */

/* Begin PBXTargetDependency section */
		347E45A526DC1327006EE205 /* PBXTargetDependency */ = {
			isa = PBXTargetDependency;
			target = 349B9D7726DAEF5B00228E13 /* LululemonChallenge */;
			targetProxy = 347E45A426DC1327006EE205 /* PBXContainerItemProxy */;
		};
/* End PBXTargetDependency section */

/* Begin PBXVariantGroup section */
		349B9D8126DAEF5B00228E13 /* Main.storyboard */ = {
			isa = PBXVariantGroup;
			children = (
				349B9D8226DAEF5B00228E13 /* Base */,
			);
			name = Main.storyboard;
			sourceTree = "<group>";
		};
		349B9D8626DAEF5C00228E13 /* LaunchScreen.storyboard */ = {
			isa = PBXVariantGroup;
			children = (
				349B9D8726DAEF5C00228E13 /* Base */,
			);
			name = LaunchScreen.storyboard;
			sourceTree = "<group>";
		};
/* End PBXVariantGroup section */

/* Begin XCBuildConfiguration section */
		347E45A626DC1327006EE205 /* Debug */ = {
			isa = XCBuildConfiguration;
			buildSettings = {
				BUNDLE_LOADER = "$(TEST_HOST)";
				CODE_SIGN_STYLE = Automatic;
				INFOPLIST_FILE = LululemonChallengeTests/Info.plist;
				LD_RUNPATH_SEARCH_PATHS = (
					"$(inherited)",
					"@executable_path/Frameworks",
					"@loader_path/Frameworks",
				);
				PRODUCT_BUNDLE_IDENTIFIER = com.codingwithjay.LululemonChallengeTests;
				PRODUCT_NAME = "$(TARGET_NAME)";
				SWIFT_VERSION = 5.0;
				TARGETED_DEVICE_FAMILY = "1,2";
				TEST_HOST = "$(BUILT_PRODUCTS_DIR)/LululemonChallenge.app/LululemonChallenge";
			};
			name = Debug;
		};
		347E45A726DC1327006EE205 /* Release */ = {
			isa = XCBuildConfiguration;
			buildSettings = {
				BUNDLE_LOADER = "$(TEST_HOST)";
				CODE_SIGN_STYLE = Automatic;
				INFOPLIST_FILE = LululemonChallengeTests/Info.plist;
				LD_RUNPATH_SEARCH_PATHS = (
					"$(inherited)",
					"@executable_path/Frameworks",
					"@loader_path/Frameworks",
				);
				PRODUCT_BUNDLE_IDENTIFIER = com.codingwithjay.LululemonChallengeTests;
				PRODUCT_NAME = "$(TARGET_NAME)";
				SWIFT_VERSION = 5.0;
				TARGETED_DEVICE_FAMILY = "1,2";
				TEST_HOST = "$(BUILT_PRODUCTS_DIR)/LululemonChallenge.app/LululemonChallenge";
			};
			name = Release;
		};
		349B9D8A26DAEF5C00228E13 /* Debug */ = {
			isa = XCBuildConfiguration;
			buildSettings = {
				ALWAYS_SEARCH_USER_PATHS = NO;
				CLANG_ANALYZER_NONNULL = YES;
				CLANG_ANALYZER_NUMBER_OBJECT_CONVERSION = YES_AGGRESSIVE;
				CLANG_CXX_LANGUAGE_STANDARD = "gnu++14";
				CLANG_CXX_LIBRARY = "libc++";
				CLANG_ENABLE_MODULES = YES;
				CLANG_ENABLE_OBJC_ARC = YES;
				CLANG_ENABLE_OBJC_WEAK = YES;
				CLANG_WARN_BLOCK_CAPTURE_AUTORELEASING = YES;
				CLANG_WARN_BOOL_CONVERSION = YES;
				CLANG_WARN_COMMA = YES;
				CLANG_WARN_CONSTANT_CONVERSION = YES;
				CLANG_WARN_DEPRECATED_OBJC_IMPLEMENTATIONS = YES;
				CLANG_WARN_DIRECT_OBJC_ISA_USAGE = YES_ERROR;
				CLANG_WARN_DOCUMENTATION_COMMENTS = YES;
				CLANG_WARN_EMPTY_BODY = YES;
				CLANG_WARN_ENUM_CONVERSION = YES;
				CLANG_WARN_INFINITE_RECURSION = YES;
				CLANG_WARN_INT_CONVERSION = YES;
				CLANG_WARN_NON_LITERAL_NULL_CONVERSION = YES;
				CLANG_WARN_OBJC_IMPLICIT_RETAIN_SELF = YES;
				CLANG_WARN_OBJC_LITERAL_CONVERSION = YES;
				CLANG_WARN_OBJC_ROOT_CLASS = YES_ERROR;
				CLANG_WARN_QUOTED_INCLUDE_IN_FRAMEWORK_HEADER = YES;
				CLANG_WARN_RANGE_LOOP_ANALYSIS = YES;
				CLANG_WARN_STRICT_PROTOTYPES = YES;
				CLANG_WARN_SUSPICIOUS_MOVE = YES;
				CLANG_WARN_UNGUARDED_AVAILABILITY = YES_AGGRESSIVE;
				CLANG_WARN_UNREACHABLE_CODE = YES;
				CLANG_WARN__DUPLICATE_METHOD_MATCH = YES;
				COPY_PHASE_STRIP = NO;
				DEBUG_INFORMATION_FORMAT = dwarf;
				ENABLE_STRICT_OBJC_MSGSEND = YES;
				ENABLE_TESTABILITY = YES;
				GCC_C_LANGUAGE_STANDARD = gnu11;
				GCC_DYNAMIC_NO_PIC = NO;
				GCC_NO_COMMON_BLOCKS = YES;
				GCC_OPTIMIZATION_LEVEL = 0;
				GCC_PREPROCESSOR_DEFINITIONS = (
					"DEBUG=1",
					"$(inherited)",
				);
				GCC_WARN_64_TO_32_BIT_CONVERSION = YES;
				GCC_WARN_ABOUT_RETURN_TYPE = YES_ERROR;
				GCC_WARN_UNDECLARED_SELECTOR = YES;
				GCC_WARN_UNINITIALIZED_AUTOS = YES_AGGRESSIVE;
				GCC_WARN_UNUSED_FUNCTION = YES;
				GCC_WARN_UNUSED_VARIABLE = YES;
				IPHONEOS_DEPLOYMENT_TARGET = 14.5;
				MTL_ENABLE_DEBUG_INFO = INCLUDE_SOURCE;
				MTL_FAST_MATH = YES;
				ONLY_ACTIVE_ARCH = YES;
				SDKROOT = iphoneos;
				SWIFT_ACTIVE_COMPILATION_CONDITIONS = DEBUG;
				SWIFT_OPTIMIZATION_LEVEL = "-Onone";
			};
			name = Debug;
		};
		349B9D8B26DAEF5C00228E13 /* Release */ = {
			isa = XCBuildConfiguration;
			buildSettings = {
				ALWAYS_SEARCH_USER_PATHS = NO;
				CLANG_ANALYZER_NONNULL = YES;
				CLANG_ANALYZER_NUMBER_OBJECT_CONVERSION = YES_AGGRESSIVE;
				CLANG_CXX_LANGUAGE_STANDARD = "gnu++14";
				CLANG_CXX_LIBRARY = "libc++";
				CLANG_ENABLE_MODULES = YES;
				CLANG_ENABLE_OBJC_ARC = YES;
				CLANG_ENABLE_OBJC_WEAK = YES;
				CLANG_WARN_BLOCK_CAPTURE_AUTORELEASING = YES;
				CLANG_WARN_BOOL_CONVERSION = YES;
				CLANG_WARN_COMMA = YES;
				CLANG_WARN_CONSTANT_CONVERSION = YES;
				CLANG_WARN_DEPRECATED_OBJC_IMPLEMENTATIONS = YES;
				CLANG_WARN_DIRECT_OBJC_ISA_USAGE = YES_ERROR;
				CLANG_WARN_DOCUMENTATION_COMMENTS = YES;
				CLANG_WARN_EMPTY_BODY = YES;
				CLANG_WARN_ENUM_CONVERSION = YES;
				CLANG_WARN_INFINITE_RECURSION = YES;
				CLANG_WARN_INT_CONVERSION = YES;
				CLANG_WARN_NON_LITERAL_NULL_CONVERSION = YES;
				CLANG_WARN_OBJC_IMPLICIT_RETAIN_SELF = YES;
				CLANG_WARN_OBJC_LITERAL_CONVERSION = YES;
				CLANG_WARN_OBJC_ROOT_CLASS = YES_ERROR;
				CLANG_WARN_QUOTED_INCLUDE_IN_FRAMEWORK_HEADER = YES;
				CLANG_WARN_RANGE_LOOP_ANALYSIS = YES;
				CLANG_WARN_STRICT_PROTOTYPES = YES;
				CLANG_WARN_SUSPICIOUS_MOVE = YES;
				CLANG_WARN_UNGUARDED_AVAILABILITY = YES_AGGRESSIVE;
				CLANG_WARN_UNREACHABLE_CODE = YES;
				CLANG_WARN__DUPLICATE_METHOD_MATCH = YES;
				COPY_PHASE_STRIP = NO;
				DEBUG_INFORMATION_FORMAT = "dwarf-with-dsym";
				ENABLE_NS_ASSERTIONS = NO;
				ENABLE_STRICT_OBJC_MSGSEND = YES;
				GCC_C_LANGUAGE_STANDARD = gnu11;
				GCC_NO_COMMON_BLOCKS = YES;
				GCC_WARN_64_TO_32_BIT_CONVERSION = YES;
				GCC_WARN_ABOUT_RETURN_TYPE = YES_ERROR;
				GCC_WARN_UNDECLARED_SELECTOR = YES;
				GCC_WARN_UNINITIALIZED_AUTOS = YES_AGGRESSIVE;
				GCC_WARN_UNUSED_FUNCTION = YES;
				GCC_WARN_UNUSED_VARIABLE = YES;
				IPHONEOS_DEPLOYMENT_TARGET = 14.5;
				MTL_ENABLE_DEBUG_INFO = NO;
				MTL_FAST_MATH = YES;
				SDKROOT = iphoneos;
				SWIFT_COMPILATION_MODE = wholemodule;
				SWIFT_OPTIMIZATION_LEVEL = "-O";
				VALIDATE_PRODUCT = YES;
			};
			name = Release;
		};
		349B9D8D26DAEF5C00228E13 /* Debug */ = {
			isa = XCBuildConfiguration;
			buildSettings = {
				ASSETCATALOG_COMPILER_APPICON_NAME = AppIcon;
				ASSETCATALOG_COMPILER_GLOBAL_ACCENT_COLOR_NAME = AccentColor;
				CODE_SIGN_STYLE = Automatic;
				INFOPLIST_FILE = LululemonChallenge/Info.plist;
				LD_RUNPATH_SEARCH_PATHS = (
					"$(inherited)",
					"@executable_path/Frameworks",
				);
				PRODUCT_BUNDLE_IDENTIFIER = com.codingwithjay.LululemonChallenge;
				PRODUCT_NAME = "$(TARGET_NAME)";
				SWIFT_VERSION = 5.0;
				TARGETED_DEVICE_FAMILY = "1,2";
			};
			name = Debug;
		};
		349B9D8E26DAEF5C00228E13 /* Release */ = {
			isa = XCBuildConfiguration;
			buildSettings = {
				ASSETCATALOG_COMPILER_APPICON_NAME = AppIcon;
				ASSETCATALOG_COMPILER_GLOBAL_ACCENT_COLOR_NAME = AccentColor;
				CODE_SIGN_STYLE = Automatic;
				INFOPLIST_FILE = LululemonChallenge/Info.plist;
				LD_RUNPATH_SEARCH_PATHS = (
					"$(inherited)",
					"@executable_path/Frameworks",
				);
				PRODUCT_BUNDLE_IDENTIFIER = com.codingwithjay.LululemonChallenge;
				PRODUCT_NAME = "$(TARGET_NAME)";
				SWIFT_VERSION = 5.0;
				TARGETED_DEVICE_FAMILY = "1,2";
			};
			name = Release;
		};
/* End XCBuildConfiguration section */

/* Begin XCConfigurationList section */
		347E45A826DC1327006EE205 /* Build configuration list for PBXNativeTarget "LululemonChallengeTests" */ = {
			isa = XCConfigurationList;
			buildConfigurations = (
				347E45A626DC1327006EE205 /* Debug */,
				347E45A726DC1327006EE205 /* Release */,
			);
			defaultConfigurationIsVisible = 0;
			defaultConfigurationName = Release;
		};
		349B9D7326DAEF5B00228E13 /* Build configuration list for PBXProject "LululemonChallenge" */ = {
			isa = XCConfigurationList;
			buildConfigurations = (
				349B9D8A26DAEF5C00228E13 /* Debug */,
				349B9D8B26DAEF5C00228E13 /* Release */,
			);
			defaultConfigurationIsVisible = 0;
			defaultConfigurationName = Release;
		};
		349B9D8C26DAEF5C00228E13 /* Build configuration list for PBXNativeTarget "LululemonChallenge" */ = {
			isa = XCConfigurationList;
			buildConfigurations = (
				349B9D8D26DAEF5C00228E13 /* Debug */,
				349B9D8E26DAEF5C00228E13 /* Release */,
			);
			defaultConfigurationIsVisible = 0;
			defaultConfigurationName = Release;
		};
/* End XCConfigurationList section */
	};
	rootObject = 349B9D7026DAEF5B00228E13 /* Project object */;
}
